
Microsoft Visual Studio Solution File, Format Version 12.00
# Visual Studio Version 16
VisualStudioVersion = 16.0.34407.143
MinimumVisualStudioVersion = 10.0.40219.1
Project("{FAE04EC0-301F-11D3-BF4B-00C04F79EFBC}") = "TeacherRecordApp", "CrudUsingFileSystem\TeacherRecordApp.csproj", "{5A03EECB-9C8C-469B-A271-3CC5F966BC08}"
EndProject
Project("{FAE04EC0-301F-11D3-BF4B-00C04F79EFBC}") = "TeacherRecordLibrary", "CrudLibrary\TeacherRecordLibrary.csproj", "{FE5858C4-33E0-48B2-9075-6C0E46DAAD51}"
EndProject
Global
	GlobalSection(SolutionConfigurationPlatforms) = preSolution
		Debug|Any CPU = Debug|Any CPU
		Release|Any CPU = Release|Any CPU
	EndGlobalSection
	GlobalSection(ProjectConfigurationPlatforms) = postSolution
		{5A03EECB-9C8C-469B-A271-3CC5F966BC08}.Debug|Any CPU.ActiveCfg = Debug|Any CPU
		{5A03EECB-9C8C-469B-A271-3CC5F966BC08}.Debug|Any CPU.Build.0 = Debug|Any CPU
		{5A03EECB-9C8C-469B-A271-3CC5F966BC08}.Release|Any CPU.ActiveCfg = Release|Any CPU
		{5A03EECB-9C8C-469B-A271-3CC5F966BC08}.Release|Any CPU.Build.0 = Release|Any CPU
		{FE5858C4-33E0-48B2-9075-6C0E46DAAD51}.Debug|Any CPU.ActiveCfg = Debug|Any CPU
		{FE5858C4-33E0-48B2-9075-6C0E46DAAD51}.Debug|Any CPU.Build.0 = Debug|Any CPU
		{FE5858C4-33E0-48B2-9075-6C0E46DAAD51}.Release|Any CPU.ActiveCfg = Release|Any CPU
		{FE5858C4-33E0-48B2-9075-6C0E46DAAD51}.Release|Any CPU.Build.0 = Release|Any CPU
	EndGlobalSection
	GlobalSection(SolutionProperties) = preSolution
		HideSolutionNode = FALSE
	EndGlobalSection
	GlobalSection(ExtensibilityGlobals) = postSolution
		SolutionGuid = {E93AEE1E-2B81-4830-917C-73A7BEF3EAC7}
	EndGlobalSection
EndGlobal
